
Microsoft Visual Studio Solution File, Format Version 12.00
Project("{FAE04EC0-301F-11D3-BF4B-00C04F79EFBC}") = "YellowBeltExam", "YellowBeltExam.csproj", "{58618E9F-8288-41F4-8228-090F9FE5684E}"
EndProject
Global
	GlobalSection(SolutionConfigurationPlatforms) = preSolution
		Debug|Any CPU = Debug|Any CPU
		Release|Any CPU = Release|Any CPU
	EndGlobalSection
	GlobalSection(ProjectConfigurationPlatforms) = postSolution
		{58618E9F-8288-41F4-8228-090F9FE5684E}.Debug|Any CPU.ActiveCfg = Debug|Any CPU
		{58618E9F-8288-41F4-8228-090F9FE5684E}.Debug|Any CPU.Build.0 = Debug|Any CPU
		{58618E9F-8288-41F4-8228-090F9FE5684E}.Release|Any CPU.ActiveCfg = Release|Any CPU
		{58618E9F-8288-41F4-8228-090F9FE5684E}.Release|Any CPU.Build.0 = Release|Any CPU
	EndGlobalSection
EndGlobal
